
Microsoft Visual Studio Solution File, Format Version 12.00
# Visual Studio Version 17
VisualStudioVersion = 17.9.34902.65
MinimumVisualStudioVersion = 10.0.40219.1
Project("{9A19103F-16F7-4668-BE54-9A1E7A4F7556}") = "IdentityProject", "IdentityProject.csproj", "{7F643248-9303-45BE-9CA5-FE997B743705}"
EndProject
Global
	GlobalSection(SolutionConfigurationPlatforms) = preSolution
		Debug|Any CPU = Debug|Any CPU
		Release|Any CPU = Release|Any CPU
	EndGlobalSection
	GlobalSection(ProjectConfigurationPlatforms) = postSolution
		{7F643248-9303-45BE-9CA5-FE997B743705}.Debug|Any CPU.ActiveCfg = Debug|Any CPU
		{7F643248-9303-45BE-9CA5-FE997B743705}.Debug|Any CPU.Build.0 = Debug|Any CPU
		{7F643248-9303-45BE-9CA5-FE997B743705}.Release|Any CPU.ActiveCfg = Release|Any CPU
		{7F643248-9303-45BE-9CA5-FE997B743705}.Release|Any CPU.Build.0 = Release|Any CPU
	EndGlobalSection
	GlobalSection(SolutionProperties) = preSolution
		HideSolutionNode = FALSE
	EndGlobalSection
	GlobalSection(ExtensibilityGlobals) = postSolution
		SolutionGuid = {A68EFE60-C9A8-419D-9CB6-26E5F7B2F141}
	EndGlobalSection
EndGlobal
